
Microsoft Visual Studio Solution File, Format Version 12.00
# Visual Studio 14
VisualStudioVersion = 14.0.25123.0
MinimumVisualStudioVersion = 10.0.40219.1
Project("{FAE04EC0-301F-11D3-BF4B-00C04F79EFBC}") = "HandbookApp.Droid", "HandbookApp\HandbookApp.Droid\HandbookApp.Droid.csproj", "{1103316B-330F-4E01-977F-D6B89EFD4C43}"
EndProject
Project("{FAE04EC0-301F-11D3-BF4B-00C04F79EFBC}") = "HandbookApp.iOS", "HandbookApp\HandbookApp.iOS\HandbookApp.iOS.csproj", "{6199917B-55ED-479D-9308-09029396DF51}"
EndProject
Project("{FAE04EC0-301F-11D3-BF4B-00C04F79EFBC}") = "HandbookApp.WinPhone", "HandbookApp\HandbookApp.WinPhone\HandbookApp.WinPhone.csproj", "{93547413-3446-4AFF-B364-1B4D2A8D227C}"
EndProject
Project("{FAE04EC0-301F-11D3-BF4B-00C04F79EFBC}") = "HandbookApp.UWP", "HandbookApp\HandbookApp.UWP\HandbookApp.UWP.csproj", "{007B9A62-9DB7-49DB-B5D9-558A11E9285E}"
EndProject
Project("{FAE04EC0-301F-11D3-BF4B-00C04F79EFBC}") = "HandbookApp.Windows", "HandbookApp\HandbookApp.Windows\HandbookApp.Windows.csproj", "{15E9F4D2-3E3E-48DD-9613-B1F986E3089A}"
EndProject
Project("{FAE04EC0-301F-11D3-BF4B-00C04F79EFBC}") = "HandbookApp", "HandbookApp\HandbookApp\HandbookApp.csproj", "{676AC5B6-00D7-4257-BE07-FBD1F3293242}"
EndProject
Global
	GlobalSection(SolutionConfigurationPlatforms) = preSolution
		Ad-Hoc|Any CPU = Ad-Hoc|Any CPU
		Ad-Hoc|ARM = Ad-Hoc|ARM
		Ad-Hoc|iPhone = Ad-Hoc|iPhone
		Ad-Hoc|iPhoneSimulator = Ad-Hoc|iPhoneSimulator
		Ad-Hoc|x64 = Ad-Hoc|x64
		Ad-Hoc|x86 = Ad-Hoc|x86
		AppStore|Any CPU = AppStore|Any CPU
		AppStore|ARM = AppStore|ARM
		AppStore|iPhone = AppStore|iPhone
		AppStore|iPhoneSimulator = AppStore|iPhoneSimulator
		AppStore|x64 = AppStore|x64
		AppStore|x86 = AppStore|x86
		Debug|Any CPU = Debug|Any CPU
		Debug|ARM = Debug|ARM
		Debug|iPhone = Debug|iPhone
		Debug|iPhoneSimulator = Debug|iPhoneSimulator
		Debug|x64 = Debug|x64
		Debug|x86 = Debug|x86
		Release|Any CPU = Release|Any CPU
		Release|ARM = Release|ARM
		Release|iPhone = Release|iPhone
		Release|iPhoneSimulator = Release|iPhoneSimulator
		Release|x64 = Release|x64
		Release|x86 = Release|x86
	EndGlobalSection
	GlobalSection(ProjectConfigurationPlatforms) = postSolution
		{1103316B-330F-4E01-977F-D6B89EFD4C43}.Ad-Hoc|Any CPU.ActiveCfg = Release|Any CPU
		{1103316B-330F-4E01-977F-D6B89EFD4C43}.Ad-Hoc|Any CPU.Build.0 = Release|Any CPU
		{1103316B-330F-4E01-977F-D6B89EFD4C43}.Ad-Hoc|Any CPU.Deploy.0 = Release|Any CPU
		{1103316B-330F-4E01-977F-D6B89EFD4C43}.Ad-Hoc|ARM.ActiveCfg = Release|Any CPU
		{1103316B-330F-4E01-977F-D6B89EFD4C43}.Ad-Hoc|ARM.Build.0 = Release|Any CPU
		{1103316B-330F-4E01-977F-D6B89EFD4C43}.Ad-Hoc|ARM.Deploy.0 = Release|Any CPU
		{1103316B-330F-4E01-977F-D6B89EFD4C43}.Ad-Hoc|iPhone.ActiveCfg = Release|Any CPU
		{1103316B-330F-4E01-977F-D6B89EFD4C43}.Ad-Hoc|iPhone.Build.0 = Release|Any CPU
		{1103316B-330F-4E01-977F-D6B89EFD4C43}.Ad-Hoc|iPhone.Deploy.0 = Release|Any CPU
		{1103316B-330F-4E01-977F-D6B89EFD4C43}.Ad-Hoc|iPhoneSimulator.ActiveCfg = Release|Any CPU
		{1103316B-330F-4E01-977F-D6B89EFD4C43}.Ad-Hoc|iPhoneSimulator.Build.0 = Release|Any CPU
		{1103316B-330F-4E01-977F-D6B89EFD4C43}.Ad-Hoc|iPhoneSimulator.Deploy.0 = Release|Any CPU
		{1103316B-330F-4E01-977F-D6B89EFD4C43}.Ad-Hoc|x64.ActiveCfg = Release|Any CPU
		{1103316B-330F-4E01-977F-D6B89EFD4C43}.Ad-Hoc|x64.Build.0 = Release|Any CPU
		{1103316B-330F-4E01-977F-D6B89EFD4C43}.Ad-Hoc|x64.Deploy.0 = Release|Any CPU
		{1103316B-330F-4E01-977F-D6B89EFD4C43}.Ad-Hoc|x86.ActiveCfg = Release|Any CPU
		{1103316B-330F-4E01-977F-D6B89EFD4C43}.Ad-Hoc|x86.Build.0 = Release|Any CPU
		{1103316B-330F-4E01-977F-D6B89EFD4C43}.Ad-Hoc|x86.Deploy.0 = Release|Any CPU
		{1103316B-330F-4E01-977F-D6B89EFD4C43}.AppStore|Any CPU.ActiveCfg = Release|Any CPU
		{1103316B-330F-4E01-977F-D6B89EFD4C43}.AppStore|Any CPU.Build.0 = Release|Any CPU
		{1103316B-330F-4E01-977F-D6B89EFD4C43}.AppStore|Any CPU.Deploy.0 = Release|Any CPU
		{1103316B-330F-4E01-977F-D6B89EFD4C43}.AppStore|ARM.ActiveCfg = Release|Any CPU
		{1103316B-330F-4E01-977F-D6B89EFD4C43}.AppStore|ARM.Build.0 = Release|Any CPU
		{1103316B-330F-4E01-977F-D6B89EFD4C43}.AppStore|ARM.Deploy.0 = Release|Any CPU
		{1103316B-330F-4E01-977F-D6B89EFD4C43}.AppStore|iPhone.ActiveCfg = Release|Any CPU
		{1103316B-330F-4E01-977F-D6B89EFD4C43}.AppStore|iPhone.Build.0 = Release|Any CPU
		{1103316B-330F-4E01-977F-D6B89EFD4C43}.AppStore|iPhone.Deploy.0 = Release|Any CPU
		{1103316B-330F-4E01-977F-D6B89EFD4C43}.AppStore|iPhoneSimulator.ActiveCfg = Release|Any CPU
		{1103316B-330F-4E01-977F-D6B89EFD4C43}.AppStore|iPhoneSimulator.Build.0 = Release|Any CPU
		{1103316B-330F-4E01-977F-D6B89EFD4C43}.AppStore|iPhoneSimulator.Deploy.0 = Release|Any CPU
		{1103316B-330F-4E01-977F-D6B89EFD4C43}.AppStore|x64.ActiveCfg = Release|Any CPU
		{1103316B-330F-4E01-977F-D6B89EFD4C43}.AppStore|x64.Build.0 = Release|Any CPU
		{1103316B-330F-4E01-977F-D6B89EFD4C43}.AppStore|x64.Deploy.0 = Release|Any CPU
		{1103316B-330F-4E01-977F-D6B89EFD4C43}.AppStore|x86.ActiveCfg = Release|Any CPU
		{1103316B-330F-4E01-977F-D6B89EFD4C43}.AppStore|x86.Build.0 = Release|Any CPU
		{1103316B-330F-4E01-977F-D6B89EFD4C43}.AppStore|x86.Deploy.0 = Release|Any CPU
		{1103316B-330F-4E01-977F-D6B89EFD4C43}.Debug|Any CPU.ActiveCfg = Debug|Any CPU
		{1103316B-330F-4E01-977F-D6B89EFD4C43}.Debug|Any CPU.Build.0 = Debug|Any CPU
		{1103316B-330F-4E01-977F-D6B89EFD4C43}.Debug|Any CPU.Deploy.0 = Debug|Any CPU
		{1103316B-330F-4E01-977F-D6B89EFD4C43}.Debug|ARM.ActiveCfg = Debug|Any CPU
		{1103316B-330F-4E01-977F-D6B89EFD4C43}.Debug|ARM.Build.0 = Debug|Any CPU
		{1103316B-330F-4E01-977F-D6B89EFD4C43}.Debug|ARM.Deploy.0 = Debug|Any CPU
		{1103316B-330F-4E01-977F-D6B89EFD4C43}.Debug|iPhone.ActiveCfg = Debug|Any CPU
		{1103316B-330F-4E01-977F-D6B89EFD4C43}.Debug|iPhone.Build.0 = Debug|Any CPU
		{1103316B-330F-4E01-977F-D6B89EFD4C43}.Debug|iPhone.Deploy.0 = Debug|Any CPU
		{1103316B-330F-4E01-977F-D6B89EFD4C43}.Debug|iPhoneSimulator.ActiveCfg = Debug|Any CPU
		{1103316B-330F-4E01-977F-D6B89EFD4C43}.Debug|iPhoneSimulator.Build.0 = Debug|Any CPU
		{1103316B-330F-4E01-977F-D6B89EFD4C43}.Debug|iPhoneSimulator.Deploy.0 = Debug|Any CPU
		{1103316B-330F-4E01-977F-D6B89EFD4C43}.Debug|x64.ActiveCfg = Debug|Any CPU
		{1103316B-330F-4E01-977F-D6B89EFD4C43}.Debug|x64.Build.0 = Debug|Any CPU
		{1103316B-330F-4E01-977F-D6B89EFD4C43}.Debug|x64.Deploy.0 = Debug|Any CPU
		{1103316B-330F-4E01-977F-D6B89EFD4C43}.Debug|x86.ActiveCfg = Debug|Any CPU
		{1103316B-330F-4E01-977F-D6B89EFD4C43}.Debug|x86.Build.0 = Debug|Any CPU
		{1103316B-330F-4E01-977F-D6B89EFD4C43}.Debug|x86.Deploy.0 = Debug|Any CPU
		{1103316B-330F-4E01-977F-D6B89EFD4C43}.Release|Any CPU.ActiveCfg = Release|Any CPU
		{1103316B-330F-4E01-977F-D6B89EFD4C43}.Release|Any CPU.Build.0 = Release|Any CPU
		{1103316B-330F-4E01-977F-D6B89EFD4C43}.Release|Any CPU.Deploy.0 = Release|Any CPU
		{1103316B-330F-4E01-977F-D6B89EFD4C43}.Release|ARM.ActiveCfg = Release|Any CPU
		{1103316B-330F-4E01-977F-D6B89EFD4C43}.Release|ARM.Build.0 = Release|Any CPU
		{1103316B-330F-4E01-977F-D6B89EFD4C43}.Release|ARM.Deploy.0 = Release|Any CPU
		{1103316B-330F-4E01-977F-D6B89EFD4C43}.Release|iPhone.ActiveCfg = Release|Any CPU
		{1103316B-330F-4E01-977F-D6B89EFD4C43}.Release|iPhone.Build.0 = Release|Any CPU
		{1103316B-330F-4E01-977F-D6B89EFD4C43}.Release|iPhone.Deploy.0 = Release|Any CPU
		{1103316B-330F-4E01-977F-D6B89EFD4C43}.Release|iPhoneSimulator.ActiveCfg = Release|Any CPU
		{1103316B-330F-4E01-977F-D6B89EFD4C43}.Release|iPhoneSimulator.Build.0 = Release|Any CPU
		{1103316B-330F-4E01-977F-D6B89EFD4C43}.Release|iPhoneSimulator.Deploy.0 = Release|Any CPU
		{1103316B-330F-4E01-977F-D6B89EFD4C43}.Release|x64.ActiveCfg = Release|Any CPU
		{1103316B-330F-4E01-977F-D6B89EFD4C43}.Release|x64.Build.0 = Release|Any CPU
		{1103316B-330F-4E01-977F-D6B89EFD4C43}.Release|x64.Deploy.0 = Release|Any CPU
		{1103316B-330F-4E01-977F-D6B89EFD4C43}.Release|x86.ActiveCfg = Release|Any CPU
		{1103316B-330F-4E01-977F-D6B89EFD4C43}.Release|x86.Build.0 = Release|Any CPU
		{1103316B-330F-4E01-977F-D6B89EFD4C43}.Release|x86.Deploy.0 = Release|Any CPU
		{6199917B-55ED-479D-9308-09029396DF51}.Ad-Hoc|Any CPU.ActiveCfg = Ad-Hoc|iPhone
		{6199917B-55ED-479D-9308-09029396DF51}.Ad-Hoc|ARM.ActiveCfg = Ad-Hoc|iPhone
		{6199917B-55ED-479D-9308-09029396DF51}.Ad-Hoc|iPhone.ActiveCfg = Ad-Hoc|iPhone
		{6199917B-55ED-479D-9308-09029396DF51}.Ad-Hoc|iPhone.Build.0 = Ad-Hoc|iPhone
		{6199917B-55ED-479D-9308-09029396DF51}.Ad-Hoc|iPhoneSimulator.ActiveCfg = Ad-Hoc|iPhoneSimulator
		{6199917B-55ED-479D-9308-09029396DF51}.Ad-Hoc|iPhoneSimulator.Build.0 = Ad-Hoc|iPhoneSimulator
		{6199917B-55ED-479D-9308-09029396DF51}.Ad-Hoc|x64.ActiveCfg = Ad-Hoc|iPhone
		{6199917B-55ED-479D-9308-09029396DF51}.Ad-Hoc|x86.ActiveCfg = Ad-Hoc|iPhone
		{6199917B-55ED-479D-9308-09029396DF51}.AppStore|Any CPU.ActiveCfg = AppStore|iPhone
		{6199917B-55ED-479D-9308-09029396DF51}.AppStore|ARM.ActiveCfg = AppStore|iPhone
		{6199917B-55ED-479D-9308-09029396DF51}.AppStore|iPhone.ActiveCfg = AppStore|iPhone
		{6199917B-55ED-479D-9308-09029396DF51}.AppStore|iPhone.Build.0 = AppStore|iPhone
		{6199917B-55ED-479D-9308-09029396DF51}.AppStore|iPhoneSimulator.ActiveCfg = AppStore|iPhoneSimulator
		{6199917B-55ED-479D-9308-09029396DF51}.AppStore|iPhoneSimulator.Build.0 = AppStore|iPhoneSimulator
		{6199917B-55ED-479D-9308-09029396DF51}.AppStore|x64.ActiveCfg = AppStore|iPhone
		{6199917B-55ED-479D-9308-09029396DF51}.AppStore|x86.ActiveCfg = AppStore|iPhone
		{6199917B-55ED-479D-9308-09029396DF51}.Debug|Any CPU.ActiveCfg = Debug|iPhone
		{6199917B-55ED-479D-9308-09029396DF51}.Debug|ARM.ActiveCfg = Debug|iPhone
		{6199917B-55ED-479D-9308-09029396DF51}.Debug|iPhone.ActiveCfg = Debug|iPhone
		{6199917B-55ED-479D-9308-09029396DF51}.Debug|iPhone.Build.0 = Debug|iPhone
		{6199917B-55ED-479D-9308-09029396DF51}.Debug|iPhoneSimulator.ActiveCfg = Debug|iPhoneSimulator
		{6199917B-55ED-479D-9308-09029396DF51}.Debug|iPhoneSimulator.Build.0 = Debug|iPhoneSimulator
		{6199917B-55ED-479D-9308-09029396DF51}.Debug|x64.ActiveCfg = Debug|iPhone
		{6199917B-55ED-479D-9308-09029396DF51}.Debug|x86.ActiveCfg = Debug|iPhone
		{6199917B-55ED-479D-9308-09029396DF51}.Release|Any CPU.ActiveCfg = Release|iPhone
		{6199917B-55ED-479D-9308-09029396DF51}.Release|ARM.ActiveCfg = Release|iPhone
		{6199917B-55ED-479D-9308-09029396DF51}.Release|iPhone.ActiveCfg = Release|iPhone
		{6199917B-55ED-479D-9308-09029396DF51}.Release|iPhone.Build.0 = Release|iPhone
		{6199917B-55ED-479D-9308-09029396DF51}.Release|iPhoneSimulator.ActiveCfg = Release|iPhoneSimulator
		{6199917B-55ED-479D-9308-09029396DF51}.Release|iPhoneSimulator.Build.0 = Release|iPhoneSimulator
		{6199917B-55ED-479D-9308-09029396DF51}.Release|x64.ActiveCfg = Release|iPhone
		{6199917B-55ED-479D-9308-09029396DF51}.Release|x86.ActiveCfg = Release|iPhone
		{93547413-3446-4AFF-B364-1B4D2A8D227C}.Ad-Hoc|Any CPU.ActiveCfg = Release|Any CPU
		{93547413-3446-4AFF-B364-1B4D2A8D227C}.Ad-Hoc|Any CPU.Build.0 = Release|Any CPU
		{93547413-3446-4AFF-B364-1B4D2A8D227C}.Ad-Hoc|Any CPU.Deploy.0 = Release|Any CPU
		{93547413-3446-4AFF-B364-1B4D2A8D227C}.Ad-Hoc|ARM.ActiveCfg = Release|ARM
		{93547413-3446-4AFF-B364-1B4D2A8D227C}.Ad-Hoc|ARM.Build.0 = Release|ARM
		{93547413-3446-4AFF-B364-1B4D2A8D227C}.Ad-Hoc|ARM.Deploy.0 = Release|ARM
		{93547413-3446-4AFF-B364-1B4D2A8D227C}.Ad-Hoc|iPhone.ActiveCfg = Release|Any CPU
		{93547413-3446-4AFF-B364-1B4D2A8D227C}.Ad-Hoc|iPhone.Build.0 = Release|Any CPU
		{93547413-3446-4AFF-B364-1B4D2A8D227C}.Ad-Hoc|iPhone.Deploy.0 = Release|Any CPU
		{93547413-3446-4AFF-B364-1B4D2A8D227C}.Ad-Hoc|iPhoneSimulator.ActiveCfg = Release|Any CPU
		{93547413-3446-4AFF-B364-1B4D2A8D227C}.Ad-Hoc|iPhoneSimulator.Build.0 = Release|Any CPU
		{93547413-3446-4AFF-B364-1B4D2A8D227C}.Ad-Hoc|iPhoneSimulator.Deploy.0 = Release|Any CPU
		{93547413-3446-4AFF-B364-1B4D2A8D227C}.Ad-Hoc|x64.ActiveCfg = Release|Any CPU
		{93547413-3446-4AFF-B364-1B4D2A8D227C}.Ad-Hoc|x64.Build.0 = Release|Any CPU
		{93547413-3446-4AFF-B364-1B4D2A8D227C}.Ad-Hoc|x64.Deploy.0 = Release|Any CPU
		{93547413-3446-4AFF-B364-1B4D2A8D227C}.Ad-Hoc|x86.ActiveCfg = Release|x86
		{93547413-3446-4AFF-B364-1B4D2A8D227C}.Ad-Hoc|x86.Build.0 = Release|x86
		{93547413-3446-4AFF-B364-1B4D2A8D227C}.Ad-Hoc|x86.Deploy.0 = Release|x86
		{93547413-3446-4AFF-B364-1B4D2A8D227C}.AppStore|Any CPU.ActiveCfg = Release|Any CPU
		{93547413-3446-4AFF-B364-1B4D2A8D227C}.AppStore|Any CPU.Build.0 = Release|Any CPU
		{93547413-3446-4AFF-B364-1B4D2A8D227C}.AppStore|Any CPU.Deploy.0 = Release|Any CPU
		{93547413-3446-4AFF-B364-1B4D2A8D227C}.AppStore|ARM.ActiveCfg = Release|ARM
		{93547413-3446-4AFF-B364-1B4D2A8D227C}.AppStore|ARM.Build.0 = Release|ARM
		{93547413-3446-4AFF-B364-1B4D2A8D227C}.AppStore|ARM.Deploy.0 = Release|ARM
		{93547413-3446-4AFF-B364-1B4D2A8D227C}.AppStore|iPhone.ActiveCfg = Release|Any CPU
		{93547413-3446-4AFF-B364-1B4D2A8D227C}.AppStore|iPhone.Build.0 = Release|Any CPU
		{93547413-3446-4AFF-B364-1B4D2A8D227C}.AppStore|iPhone.Deploy.0 = Release|Any CPU
		{93547413-3446-4AFF-B364-1B4D2A8D227C}.AppStore|iPhoneSimulator.ActiveCfg = Release|Any CPU
		{93547413-3446-4AFF-B364-1B4D2A8D227C}.AppStore|iPhoneSimulator.Build.0 = Release|Any CPU
		{93547413-3446-4AFF-B364-1B4D2A8D227C}.AppStore|iPhoneSimulator.Deploy.0 = Release|Any CPU
		{93547413-3446-4AFF-B364-1B4D2A8D227C}.AppStore|x64.ActiveCfg = Release|Any CPU
		{93547413-3446-4AFF-B364-1B4D2A8D227C}.AppStore|x64.Build.0 = Release|Any CPU
		{93547413-3446-4AFF-B364-1B4D2A8D227C}.AppStore|x64.Deploy.0 = Release|Any CPU
		{93547413-3446-4AFF-B364-1B4D2A8D227C}.AppStore|x86.ActiveCfg = Release|x86
		{93547413-3446-4AFF-B364-1B4D2A8D227C}.AppStore|x86.Build.0 = Release|x86
		{93547413-3446-4AFF-B364-1B4D2A8D227C}.AppStore|x86.Deploy.0 = Release|x86
		{93547413-3446-4AFF-B364-1B4D2A8D227C}.Debug|Any CPU.ActiveCfg = Debug|Any CPU
		{93547413-3446-4AFF-B364-1B4D2A8D227C}.Debug|Any CPU.Build.0 = Debug|Any CPU
		{93547413-3446-4AFF-B364-1B4D2A8D227C}.Debug|Any CPU.Deploy.0 = Debug|Any CPU
		{93547413-3446-4AFF-B364-1B4D2A8D227C}.Debug|ARM.ActiveCfg = Debug|ARM
		{93547413-3446-4AFF-B364-1B4D2A8D227C}.Debug|ARM.Build.0 = Debug|ARM
		{93547413-3446-4AFF-B364-1B4D2A8D227C}.Debug|ARM.Deploy.0 = Debug|ARM
		{93547413-3446-4AFF-B364-1B4D2A8D227C}.Debug|iPhone.ActiveCfg = Debug|Any CPU
		{93547413-3446-4AFF-B364-1B4D2A8D227C}.Debug|iPhone.Build.0 = Debug|Any CPU
		{93547413-3446-4AFF-B364-1B4D2A8D227C}.Debug|iPhone.Deploy.0 = Debug|Any CPU
		{93547413-3446-4AFF-B364-1B4D2A8D227C}.Debug|iPhoneSimulator.ActiveCfg = Debug|Any CPU
		{93547413-3446-4AFF-B364-1B4D2A8D227C}.Debug|iPhoneSimulator.Build.0 = Debug|Any CPU
		{93547413-3446-4AFF-B364-1B4D2A8D227C}.Debug|iPhoneSimulator.Deploy.0 = Debug|Any CPU
		{93547413-3446-4AFF-B364-1B4D2A8D227C}.Debug|x64.ActiveCfg = Debug|Any CPU
		{93547413-3446-4AFF-B364-1B4D2A8D227C}.Debug|x64.Build.0 = Debug|Any CPU
		{93547413-3446-4AFF-B364-1B4D2A8D227C}.Debug|x64.Deploy.0 = Debug|Any CPU
		{93547413-3446-4AFF-B364-1B4D2A8D227C}.Debug|x86.ActiveCfg = Debug|x86
		{93547413-3446-4AFF-B364-1B4D2A8D227C}.Debug|x86.Build.0 = Debug|x86
		{93547413-3446-4AFF-B364-1B4D2A8D227C}.Debug|x86.Deploy.0 = Debug|x86
		{93547413-3446-4AFF-B364-1B4D2A8D227C}.Release|Any CPU.ActiveCfg = Release|Any CPU
		{93547413-3446-4AFF-B364-1B4D2A8D227C}.Release|Any CPU.Build.0 = Release|Any CPU
		{93547413-3446-4AFF-B364-1B4D2A8D227C}.Release|Any CPU.Deploy.0 = Release|Any CPU
		{93547413-3446-4AFF-B364-1B4D2A8D227C}.Release|ARM.ActiveCfg = Release|ARM
		{93547413-3446-4AFF-B364-1B4D2A8D227C}.Release|ARM.Build.0 = Release|ARM
		{93547413-3446-4AFF-B364-1B4D2A8D227C}.Release|ARM.Deploy.0 = Release|ARM
		{93547413-3446-4AFF-B364-1B4D2A8D227C}.Release|iPhone.ActiveCfg = Release|Any CPU
		{93547413-3446-4AFF-B364-1B4D2A8D227C}.Release|iPhone.Build.0 = Release|Any CPU
		{93547413-3446-4AFF-B364-1B4D2A8D227C}.Release|iPhone.Deploy.0 = Release|Any CPU
		{93547413-3446-4AFF-B364-1B4D2A8D227C}.Release|iPhoneSimulator.ActiveCfg = Release|Any CPU
		{93547413-3446-4AFF-B364-1B4D2A8D227C}.Release|iPhoneSimulator.Build.0 = Release|Any CPU
		{93547413-3446-4AFF-B364-1B4D2A8D227C}.Release|iPhoneSimulator.Deploy.0 = Release|Any CPU
		{93547413-3446-4AFF-B364-1B4D2A8D227C}.Release|x64.ActiveCfg = Release|Any CPU
		{93547413-3446-4AFF-B364-1B4D2A8D227C}.Release|x64.Build.0 = Release|Any CPU
		{93547413-3446-4AFF-B364-1B4D2A8D227C}.Release|x64.Deploy.0 = Release|Any CPU
		{93547413-3446-4AFF-B364-1B4D2A8D227C}.Release|x86.ActiveCfg = Release|x86
		{93547413-3446-4AFF-B364-1B4D2A8D227C}.Release|x86.Build.0 = Release|x86
		{93547413-3446-4AFF-B364-1B4D2A8D227C}.Release|x86.Deploy.0 = Release|x86
		{007B9A62-9DB7-49DB-B5D9-558A11E9285E}.Ad-Hoc|Any CPU.ActiveCfg = Release|x86
		{007B9A62-9DB7-49DB-B5D9-558A11E9285E}.Ad-Hoc|Any CPU.Build.0 = Release|x86
		{007B9A62-9DB7-49DB-B5D9-558A11E9285E}.Ad-Hoc|Any CPU.Deploy.0 = Release|x86
		{007B9A62-9DB7-49DB-B5D9-558A11E9285E}.Ad-Hoc|ARM.ActiveCfg = Release|ARM
		{007B9A62-9DB7-49DB-B5D9-558A11E9285E}.Ad-Hoc|ARM.Build.0 = Release|ARM
		{007B9A62-9DB7-49DB-B5D9-558A11E9285E}.Ad-Hoc|ARM.Deploy.0 = Release|ARM
		{007B9A62-9DB7-49DB-B5D9-558A11E9285E}.Ad-Hoc|iPhone.ActiveCfg = Release|x86
		{007B9A62-9DB7-49DB-B5D9-558A11E9285E}.Ad-Hoc|iPhone.Build.0 = Release|x86
		{007B9A62-9DB7-49DB-B5D9-558A11E9285E}.Ad-Hoc|iPhone.Deploy.0 = Release|x86
		{007B9A62-9DB7-49DB-B5D9-558A11E9285E}.Ad-Hoc|iPhoneSimulator.ActiveCfg = Release|x86
		{007B9A62-9DB7-49DB-B5D9-558A11E9285E}.Ad-Hoc|iPhoneSimulator.Build.0 = Release|x86
		{007B9A62-9DB7-49DB-B5D9-558A11E9285E}.Ad-Hoc|iPhoneSimulator.Deploy.0 = Release|x86
		{007B9A62-9DB7-49DB-B5D9-558A11E9285E}.Ad-Hoc|x64.ActiveCfg = Release|x64
		{007B9A62-9DB7-49DB-B5D9-558A11E9285E}.Ad-Hoc|x64.Build.0 = Release|x64
		{007B9A62-9DB7-49DB-B5D9-558A11E9285E}.Ad-Hoc|x64.Deploy.0 = Release|x64
		{007B9A62-9DB7-49DB-B5D9-558A11E9285E}.Ad-Hoc|x86.ActiveCfg = Release|x86
		{007B9A62-9DB7-49DB-B5D9-558A11E9285E}.Ad-Hoc|x86.Build.0 = Release|x86
		{007B9A62-9DB7-49DB-B5D9-558A11E9285E}.Ad-Hoc|x86.Deploy.0 = Release|x86
		{007B9A62-9DB7-49DB-B5D9-558A11E9285E}.AppStore|Any CPU.ActiveCfg = Release|x86
		{007B9A62-9DB7-49DB-B5D9-558A11E9285E}.AppStore|Any CPU.Build.0 = Release|x86
		{007B9A62-9DB7-49DB-B5D9-558A11E9285E}.AppStore|Any CPU.Deploy.0 = Release|x86
		{007B9A62-9DB7-49DB-B5D9-558A11E9285E}.AppStore|ARM.ActiveCfg = Release|ARM
		{007B9A62-9DB7-49DB-B5D9-558A11E9285E}.AppStore|ARM.Build.0 = Release|ARM
		{007B9A62-9DB7-49DB-B5D9-558A11E9285E}.AppStore|ARM.Deploy.0 = Release|ARM
		{007B9A62-9DB7-49DB-B5D9-558A11E9285E}.AppStore|iPhone.ActiveCfg = Release|x86
		{007B9A62-9DB7-49DB-B5D9-558A11E9285E}.AppStore|iPhone.Build.0 = Release|x86
		{007B9A62-9DB7-49DB-B5D9-558A11E9285E}.AppStore|iPhone.Deploy.0 = Release|x86
		{007B9A62-9DB7-49DB-B5D9-558A11E9285E}.AppStore|iPhoneSimulator.ActiveCfg = Release|x86
		{007B9A62-9DB7-49DB-B5D9-558A11E9285E}.AppStore|iPhoneSimulator.Build.0 = Release|x86
		{007B9A62-9DB7-49DB-B5D9-558A11E9285E}.AppStore|iPhoneSimulator.Deploy.0 = Release|x86
		{007B9A62-9DB7-49DB-B5D9-558A11E9285E}.AppStore|x64.ActiveCfg = Release|x64
		{007B9A62-9DB7-49DB-B5D9-558A11E9285E}.AppStore|x64.Build.0 = Release|x64
		{007B9A62-9DB7-49DB-B5D9-558A11E9285E}.AppStore|x64.Deploy.0 = Release|x64
		{007B9A62-9DB7-49DB-B5D9-558A11E9285E}.AppStore|x86.ActiveCfg = Release|x86
		{007B9A62-9DB7-49DB-B5D9-558A11E9285E}.AppStore|x86.Build.0 = Release|x86
		{007B9A62-9DB7-49DB-B5D9-558A11E9285E}.AppStore|x86.Deploy.0 = Release|x86
		{007B9A62-9DB7-49DB-B5D9-558A11E9285E}.Debug|Any CPU.ActiveCfg = Debug|x86
		{007B9A62-9DB7-49DB-B5D9-558A11E9285E}.Debug|ARM.ActiveCfg = Debug|ARM
		{007B9A62-9DB7-49DB-B5D9-558A11E9285E}.Debug|ARM.Build.0 = Debug|ARM
		{007B9A62-9DB7-49DB-B5D9-558A11E9285E}.Debug|ARM.Deploy.0 = Debug|ARM
		{007B9A62-9DB7-49DB-B5D9-558A11E9285E}.Debug|iPhone.ActiveCfg = Debug|x86
		{007B9A62-9DB7-49DB-B5D9-558A11E9285E}.Debug|iPhoneSimulator.ActiveCfg = Debug|x86
		{007B9A62-9DB7-49DB-B5D9-558A11E9285E}.Debug|x64.ActiveCfg = Debug|x64
		{007B9A62-9DB7-49DB-B5D9-558A11E9285E}.Debug|x64.Build.0 = Debug|x64
		{007B9A62-9DB7-49DB-B5D9-558A11E9285E}.Debug|x64.Deploy.0 = Debug|x64
		{007B9A62-9DB7-49DB-B5D9-558A11E9285E}.Debug|x86.ActiveCfg = Debug|x86
		{007B9A62-9DB7-49DB-B5D9-558A11E9285E}.Debug|x86.Build.0 = Debug|x86
		{007B9A62-9DB7-49DB-B5D9-558A11E9285E}.Debug|x86.Deploy.0 = Debug|x86
		{007B9A62-9DB7-49DB-B5D9-558A11E9285E}.Release|Any CPU.ActiveCfg = Release|x86
		{007B9A62-9DB7-49DB-B5D9-558A11E9285E}.Release|ARM.ActiveCfg = Release|ARM
		{007B9A62-9DB7-49DB-B5D9-558A11E9285E}.Release|ARM.Build.0 = Release|ARM
		{007B9A62-9DB7-49DB-B5D9-558A11E9285E}.Release|ARM.Deploy.0 = Release|ARM
		{007B9A62-9DB7-49DB-B5D9-558A11E9285E}.Release|iPhone.ActiveCfg = Release|x86
		{007B9A62-9DB7-49DB-B5D9-558A11E9285E}.Release|iPhoneSimulator.ActiveCfg = Release|x86
		{007B9A62-9DB7-49DB-B5D9-558A11E9285E}.Release|x64.ActiveCfg = Release|x64
		{007B9A62-9DB7-49DB-B5D9-558A11E9285E}.Release|x64.Build.0 = Release|x64
		{007B9A62-9DB7-49DB-B5D9-558A11E9285E}.Release|x64.Deploy.0 = Release|x64
		{007B9A62-9DB7-49DB-B5D9-558A11E9285E}.Release|x86.ActiveCfg = Release|x86
		{007B9A62-9DB7-49DB-B5D9-558A11E9285E}.Release|x86.Build.0 = Release|x86
		{007B9A62-9DB7-49DB-B5D9-558A11E9285E}.Release|x86.Deploy.0 = Release|x86
		{15E9F4D2-3E3E-48DD-9613-B1F986E3089A}.Ad-Hoc|Any CPU.ActiveCfg = Release|Any CPU
		{15E9F4D2-3E3E-48DD-9613-B1F986E3089A}.Ad-Hoc|Any CPU.Build.0 = Release|Any CPU
		{15E9F4D2-3E3E-48DD-9613-B1F986E3089A}.Ad-Hoc|Any CPU.Deploy.0 = Release|Any CPU
		{15E9F4D2-3E3E-48DD-9613-B1F986E3089A}.Ad-Hoc|ARM.ActiveCfg = Release|ARM
		{15E9F4D2-3E3E-48DD-9613-B1F986E3089A}.Ad-Hoc|ARM.Build.0 = Release|ARM
		{15E9F4D2-3E3E-48DD-9613-B1F986E3089A}.Ad-Hoc|ARM.Deploy.0 = Release|ARM
		{15E9F4D2-3E3E-48DD-9613-B1F986E3089A}.Ad-Hoc|iPhone.ActiveCfg = Release|Any CPU
		{15E9F4D2-3E3E-48DD-9613-B1F986E3089A}.Ad-Hoc|iPhone.Build.0 = Release|Any CPU
		{15E9F4D2-3E3E-48DD-9613-B1F986E3089A}.Ad-Hoc|iPhone.Deploy.0 = Release|Any CPU
		{15E9F4D2-3E3E-48DD-9613-B1F986E3089A}.Ad-Hoc|iPhoneSimulator.ActiveCfg = Release|Any CPU
		{15E9F4D2-3E3E-48DD-9613-B1F986E3089A}.Ad-Hoc|iPhoneSimulator.Build.0 = Release|Any CPU
		{15E9F4D2-3E3E-48DD-9613-B1F986E3089A}.Ad-Hoc|iPhoneSimulator.Deploy.0 = Release|Any CPU
		{15E9F4D2-3E3E-48DD-9613-B1F986E3089A}.Ad-Hoc|x64.ActiveCfg = Release|x64
		{15E9F4D2-3E3E-48DD-9613-B1F986E3089A}.Ad-Hoc|x64.Build.0 = Release|x64
		{15E9F4D2-3E3E-48DD-9613-B1F986E3089A}.Ad-Hoc|x64.Deploy.0 = Release|x64
		{15E9F4D2-3E3E-48DD-9613-B1F986E3089A}.Ad-Hoc|x86.ActiveCfg = Release|x86
		{15E9F4D2-3E3E-48DD-9613-B1F986E3089A}.Ad-Hoc|x86.Build.0 = Release|x86
		{15E9F4D2-3E3E-48DD-9613-B1F986E3089A}.Ad-Hoc|x86.Deploy.0 = Release|x86
		{15E9F4D2-3E3E-48DD-9613-B1F986E3089A}.AppStore|Any CPU.ActiveCfg = Release|Any CPU
		{15E9F4D2-3E3E-48DD-9613-B1F986E3089A}.AppStore|Any CPU.Build.0 = Release|Any CPU
		{15E9F4D2-3E3E-48DD-9613-B1F986E3089A}.AppStore|Any CPU.Deploy.0 = Release|Any CPU
		{15E9F4D2-3E3E-48DD-9613-B1F986E3089A}.AppStore|ARM.ActiveCfg = Release|ARM
		{15E9F4D2-3E3E-48DD-9613-B1F986E3089A}.AppStore|ARM.Build.0 = Release|ARM
		{15E9F4D2-3E3E-48DD-9613-B1F986E3089A}.AppStore|ARM.Deploy.0 = Release|ARM
		{15E9F4D2-3E3E-48DD-9613-B1F986E3089A}.AppStore|iPhone.ActiveCfg = Release|Any CPU
		{15E9F4D2-3E3E-48DD-9613-B1F986E3089A}.AppStore|iPhone.Build.0 = Release|Any CPU
		{15E9F4D2-3E3E-48DD-9613-B1F986E3089A}.AppStore|iPhone.Deploy.0 = Release|Any CPU
		{15E9F4D2-3E3E-48DD-9613-B1F986E3089A}.AppStore|iPhoneSimulator.ActiveCfg = Release|Any CPU
		{15E9F4D2-3E3E-48DD-9613-B1F986E3089A}.AppStore|iPhoneSimulator.Build.0 = Release|Any CPU
		{15E9F4D2-3E3E-48DD-9613-B1F986E3089A}.AppStore|iPhoneSimulator.Deploy.0 = Release|Any CPU
		{15E9F4D2-3E3E-48DD-9613-B1F986E3089A}.AppStore|x64.ActiveCfg = Release|x64
		{15E9F4D2-3E3E-48DD-9613-B1F986E3089A}.AppStore|x64.Build.0 = Release|x64
		{15E9F4D2-3E3E-48DD-9613-B1F986E3089A}.AppStore|x64.Deploy.0 = Release|x64
		{15E9F4D2-3E3E-48DD-9613-B1F986E3089A}.AppStore|x86.ActiveCfg = Release|x86
		{15E9F4D2-3E3E-48DD-9613-B1F986E3089A}.AppStore|x86.Build.0 = Release|x86
		{15E9F4D2-3E3E-48DD-9613-B1F986E3089A}.AppStore|x86.Deploy.0 = Release|x86
		{15E9F4D2-3E3E-48DD-9613-B1F986E3089A}.Debug|Any CPU.ActiveCfg = Debug|Any CPU
		{15E9F4D2-3E3E-48DD-9613-B1F986E3089A}.Debug|Any CPU.Build.0 = Debug|Any CPU
		{15E9F4D2-3E3E-48DD-9613-B1F986E3089A}.Debug|Any CPU.Deploy.0 = Debug|Any CPU
		{15E9F4D2-3E3E-48DD-9613-B1F986E3089A}.Debug|ARM.ActiveCfg = Debug|ARM
		{15E9F4D2-3E3E-48DD-9613-B1F986E3089A}.Debug|ARM.Build.0 = Debug|ARM
		{15E9F4D2-3E3E-48DD-9613-B1F986E3089A}.Debug|ARM.Deploy.0 = Debug|ARM
		{15E9F4D2-3E3E-48DD-9613-B1F986E3089A}.Debug|iPhone.ActiveCfg = Debug|Any CPU
		{15E9F4D2-3E3E-48DD-9613-B1F986E3089A}.Debug|iPhone.Build.0 = Debug|Any CPU
		{15E9F4D2-3E3E-48DD-9613-B1F986E3089A}.Debug|iPhone.Deploy.0 = Debug|Any CPU
		{15E9F4D2-3E3E-48DD-9613-B1F986E3089A}.Debug|iPhoneSimulator.ActiveCfg = Debug|Any CPU
		{15E9F4D2-3E3E-48DD-9613-B1F986E3089A}.Debug|iPhoneSimulator.Build.0 = Debug|Any CPU
		{15E9F4D2-3E3E-48DD-9613-B1F986E3089A}.Debug|iPhoneSimulator.Deploy.0 = Debug|Any CPU
		{15E9F4D2-3E3E-48DD-9613-B1F986E3089A}.Debug|x64.ActiveCfg = Debug|x64
		{15E9F4D2-3E3E-48DD-9613-B1F986E3089A}.Debug|x64.Build.0 = Debug|x64
		{15E9F4D2-3E3E-48DD-9613-B1F986E3089A}.Debug|x64.Deploy.0 = Debug|x64
		{15E9F4D2-3E3E-48DD-9613-B1F986E3089A}.Debug|x86.ActiveCfg = Debug|x86
		{15E9F4D2-3E3E-48DD-9613-B1F986E3089A}.Debug|x86.Build.0 = Debug|x86
		{15E9F4D2-3E3E-48DD-9613-B1F986E3089A}.Debug|x86.Deploy.0 = Debug|x86
		{15E9F4D2-3E3E-48DD-9613-B1F986E3089A}.Release|Any CPU.ActiveCfg = Release|Any CPU
		{15E9F4D2-3E3E-48DD-9613-B1F986E3089A}.Release|Any CPU.Build.0 = Release|Any CPU
		{15E9F4D2-3E3E-48DD-9613-B1F986E3089A}.Release|Any CPU.Deploy.0 = Release|Any CPU
		{15E9F4D2-3E3E-48DD-9613-B1F986E3089A}.Release|ARM.ActiveCfg = Release|ARM
		{15E9F4D2-3E3E-48DD-9613-B1F986E3089A}.Release|ARM.Build.0 = Release|ARM
		{15E9F4D2-3E3E-48DD-9613-B1F986E3089A}.Release|ARM.Deploy.0 = Release|ARM
		{15E9F4D2-3E3E-48DD-9613-B1F986E3089A}.Release|iPhone.ActiveCfg = Release|Any CPU
		{15E9F4D2-3E3E-48DD-9613-B1F986E3089A}.Release|iPhone.Build.0 = Release|Any CPU
		{15E9F4D2-3E3E-48DD-9613-B1F986E3089A}.Release|iPhone.Deploy.0 = Release|Any CPU
		{15E9F4D2-3E3E-48DD-9613-B1F986E3089A}.Release|iPhoneSimulator.ActiveCfg = Release|Any CPU
		{15E9F4D2-3E3E-48DD-9613-B1F986E3089A}.Release|iPhoneSimulator.Build.0 = Release|Any CPU
		{15E9F4D2-3E3E-48DD-9613-B1F986E3089A}.Release|iPhoneSimulator.Deploy.0 = Release|Any CPU
		{15E9F4D2-3E3E-48DD-9613-B1F986E3089A}.Release|x64.ActiveCfg = Release|x64
		{15E9F4D2-3E3E-48DD-9613-B1F986E3089A}.Release|x64.Build.0 = Release|x64
		{15E9F4D2-3E3E-48DD-9613-B1F986E3089A}.Release|x64.Deploy.0 = Release|x64
		{15E9F4D2-3E3E-48DD-9613-B1F986E3089A}.Release|x86.ActiveCfg = Release|x86
		{15E9F4D2-3E3E-48DD-9613-B1F986E3089A}.Release|x86.Build.0 = Release|x86
		{15E9F4D2-3E3E-48DD-9613-B1F986E3089A}.Release|x86.Deploy.0 = Release|x86
		{676AC5B6-00D7-4257-BE07-FBD1F3293242}.Ad-Hoc|Any CPU.ActiveCfg = Release|Any CPU
		{676AC5B6-00D7-4257-BE07-FBD1F3293242}.Ad-Hoc|Any CPU.Build.0 = Release|Any CPU
		{676AC5B6-00D7-4257-BE07-FBD1F3293242}.Ad-Hoc|ARM.ActiveCfg = Release|Any CPU
		{676AC5B6-00D7-4257-BE07-FBD1F3293242}.Ad-Hoc|ARM.Build.0 = Release|Any CPU
		{676AC5B6-00D7-4257-BE07-FBD1F3293242}.Ad-Hoc|iPhone.ActiveCfg = Release|Any CPU
		{676AC5B6-00D7-4257-BE07-FBD1F3293242}.Ad-Hoc|iPhone.Build.0 = Release|Any CPU
		{676AC5B6-00D7-4257-BE07-FBD1F3293242}.Ad-Hoc|iPhoneSimulator.ActiveCfg = Release|Any CPU
		{676AC5B6-00D7-4257-BE07-FBD1F3293242}.Ad-Hoc|iPhoneSimulator.Build.0 = Release|Any CPU
		{676AC5B6-00D7-4257-BE07-FBD1F3293242}.Ad-Hoc|x64.ActiveCfg = Release|Any CPU
		{676AC5B6-00D7-4257-BE07-FBD1F3293242}.Ad-Hoc|x64.Build.0 = Release|Any CPU
		{676AC5B6-00D7-4257-BE07-FBD1F3293242}.Ad-Hoc|x86.ActiveCfg = Release|Any CPU
		{676AC5B6-00D7-4257-BE07-FBD1F3293242}.Ad-Hoc|x86.Build.0 = Release|Any CPU
		{676AC5B6-00D7-4257-BE07-FBD1F3293242}.AppStore|Any CPU.ActiveCfg = Release|Any CPU
		{676AC5B6-00D7-4257-BE07-FBD1F3293242}.AppStore|Any CPU.Build.0 = Release|Any CPU
		{676AC5B6-00D7-4257-BE07-FBD1F3293242}.AppStore|ARM.ActiveCfg = Release|Any CPU
		{676AC5B6-00D7-4257-BE07-FBD1F3293242}.AppStore|ARM.Build.0 = Release|Any CPU
		{676AC5B6-00D7-4257-BE07-FBD1F3293242}.AppStore|iPhone.ActiveCfg = Release|Any CPU
		{676AC5B6-00D7-4257-BE07-FBD1F3293242}.AppStore|iPhone.Build.0 = Release|Any CPU
		{676AC5B6-00D7-4257-BE07-FBD1F3293242}.AppStore|iPhoneSimulator.ActiveCfg = Release|Any CPU
		{676AC5B6-00D7-4257-BE07-FBD1F3293242}.AppStore|iPhoneSimulator.Build.0 = Release|Any CPU
		{676AC5B6-00D7-4257-BE07-FBD1F3293242}.AppStore|x64.ActiveCfg = Release|Any CPU
		{676AC5B6-00D7-4257-BE07-FBD1F3293242}.AppStore|x64.Build.0 = Release|Any CPU
		{676AC5B6-00D7-4257-BE07-FBD1F3293242}.AppStore|x86.ActiveCfg = Release|Any CPU
		{676AC5B6-00D7-4257-BE07-FBD1F3293242}.AppStore|x86.Build.0 = Release|Any CPU
		{676AC5B6-00D7-4257-BE07-FBD1F3293242}.Debug|Any CPU.ActiveCfg = Debug|Any CPU
		{676AC5B6-00D7-4257-BE07-FBD1F3293242}.Debug|Any CPU.Build.0 = Debug|Any CPU
		{676AC5B6-00D7-4257-BE07-FBD1F3293242}.Debug|ARM.ActiveCfg = Debug|Any CPU
		{676AC5B6-00D7-4257-BE07-FBD1F3293242}.Debug|ARM.Build.0 = Debug|Any CPU
		{676AC5B6-00D7-4257-BE07-FBD1F3293242}.Debug|iPhone.ActiveCfg = Debug|Any CPU
		{676AC5B6-00D7-4257-BE07-FBD1F3293242}.Debug|iPhone.Build.0 = Debug|Any CPU
		{676AC5B6-00D7-4257-BE07-FBD1F3293242}.Debug|iPhoneSimulator.ActiveCfg = Debug|Any CPU
		{676AC5B6-00D7-4257-BE07-FBD1F3293242}.Debug|iPhoneSimulator.Build.0 = Debug|Any CPU
		{676AC5B6-00D7-4257-BE07-FBD1F3293242}.Debug|x64.ActiveCfg = Debug|Any CPU
		{676AC5B6-00D7-4257-BE07-FBD1F3293242}.Debug|x64.Build.0 = Debug|Any CPU
		{676AC5B6-00D7-4257-BE07-FBD1F3293242}.Debug|x86.ActiveCfg = Debug|Any CPU
		{676AC5B6-00D7-4257-BE07-FBD1F3293242}.Debug|x86.Build.0 = Debug|Any CPU
		{676AC5B6-00D7-4257-BE07-FBD1F3293242}.Release|Any CPU.ActiveCfg = Release|Any CPU
		{676AC5B6-00D7-4257-BE07-FBD1F3293242}.Release|Any CPU.Build.0 = Release|Any CPU
		{676AC5B6-00D7-4257-BE07-FBD1F3293242}.Release|ARM.ActiveCfg = Release|Any CPU
		{676AC5B6-00D7-4257-BE07-FBD1F3293242}.Release|ARM.Build.0 = Release|Any CPU
		{676AC5B6-00D7-4257-BE07-FBD1F3293242}.Release|iPhone.ActiveCfg = Release|Any CPU
		{676AC5B6-00D7-4257-BE07-FBD1F3293242}.Release|iPhone.Build.0 = Release|Any CPU
		{676AC5B6-00D7-4257-BE07-FBD1F3293242}.Release|iPhoneSimulator.ActiveCfg = Release|Any CPU
		{676AC5B6-00D7-4257-BE07-FBD1F3293242}.Release|iPhoneSimulator.Build.0 = Release|Any CPU
		{676AC5B6-00D7-4257-BE07-FBD1F3293242}.Release|x64.ActiveCfg = Release|Any CPU
		{676AC5B6-00D7-4257-BE07-FBD1F3293242}.Release|x64.Build.0 = Release|Any CPU
		{676AC5B6-00D7-4257-BE07-FBD1F3293242}.Release|x86.ActiveCfg = Release|Any CPU
		{676AC5B6-00D7-4257-BE07-FBD1F3293242}.Release|x86.Build.0 = Release|Any CPU
	EndGlobalSection
	GlobalSection(SolutionProperties) = preSolution
		HideSolutionNode = FALSE
	EndGlobalSection
EndGlobal
