
Microsoft Visual Studio Solution File, Format Version 12.00
# Visual Studio 14
VisualStudioVersion = 14.0.25123.0
MinimumVisualStudioVersion = 10.0.40219.1
Project("{FAE04EC0-301F-11D3-BF4B-00C04F79EFBC}") = "HandbookApp.Droid", "HandbookApp\HandbookApp.Droid\HandbookApp.Droid.csproj", "{1103316B-330F-4E01-977F-D6B89EFD4C43}"
EndProject
Project("{FAE04EC0-301F-11D3-BF4B-00C04F79EFBC}") = "HandbookApp.iOS", "HandbookApp\HandbookApp.iOS\HandbookApp.iOS.csproj", "{6199917B-55ED-479D-9308-09029396DF51}"
EndProject
Project("{FAE04EC0-301F-11D3-BF4B-00C04F79EFBC}") = "HandbookApp", "HandbookApp\HandbookApp\HandbookApp.csproj", "{676AC5B6-00D7-4257-BE07-FBD1F3293242}"
EndProject
Project("{2150E333-8FDC-42A3-9474-1A3956D46DE8}") = "Solution Items", "Solution Items", "{2568D049-BA69-4E94-A7E3-7047C292DA49}"
	ProjectSection(SolutionItems) = preProject
		CHANGELOG.md = CHANGELOG.md
		LICENSE.txt = LICENSE.txt
		README.md = README.md
	EndProjectSection
EndProject
Project("{FAE04EC0-301F-11D3-BF4B-00C04F79EFBC}") = "HandbookApp.Tests", "HandbookApp\HandbookApp.Tests\HandbookApp.Tests.csproj", "{15DFA627-9DE2-49C0-A1C1-E72DFA84F684}"
EndProject
Global
	GlobalSection(SolutionConfigurationPlatforms) = preSolution
		Ad-Hoc|Any CPU = Ad-Hoc|Any CPU
		Ad-Hoc|ARM = Ad-Hoc|ARM
		Ad-Hoc|iPhone = Ad-Hoc|iPhone
		Ad-Hoc|iPhoneSimulator = Ad-Hoc|iPhoneSimulator
		Ad-Hoc|x64 = Ad-Hoc|x64
		Ad-Hoc|x86 = Ad-Hoc|x86
		AppStore|Any CPU = AppStore|Any CPU
		AppStore|ARM = AppStore|ARM
		AppStore|iPhone = AppStore|iPhone
		AppStore|iPhoneSimulator = AppStore|iPhoneSimulator
		AppStore|x64 = AppStore|x64
		AppStore|x86 = AppStore|x86
		Debug|Any CPU = Debug|Any CPU
		Debug|ARM = Debug|ARM
		Debug|iPhone = Debug|iPhone
		Debug|iPhoneSimulator = Debug|iPhoneSimulator
		Debug|x64 = Debug|x64
		Debug|x86 = Debug|x86
		Release|Any CPU = Release|Any CPU
		Release|ARM = Release|ARM
		Release|iPhone = Release|iPhone
		Release|iPhoneSimulator = Release|iPhoneSimulator
		Release|x64 = Release|x64
		Release|x86 = Release|x86
	EndGlobalSection
	GlobalSection(ProjectConfigurationPlatforms) = postSolution
		{1103316B-330F-4E01-977F-D6B89EFD4C43}.Ad-Hoc|Any CPU.ActiveCfg = Release|Any CPU
		{1103316B-330F-4E01-977F-D6B89EFD4C43}.Ad-Hoc|Any CPU.Build.0 = Release|Any CPU
		{1103316B-330F-4E01-977F-D6B89EFD4C43}.Ad-Hoc|Any CPU.Deploy.0 = Release|Any CPU
		{1103316B-330F-4E01-977F-D6B89EFD4C43}.Ad-Hoc|ARM.ActiveCfg = Release|Any CPU
		{1103316B-330F-4E01-977F-D6B89EFD4C43}.Ad-Hoc|ARM.Build.0 = Release|Any CPU
		{1103316B-330F-4E01-977F-D6B89EFD4C43}.Ad-Hoc|ARM.Deploy.0 = Release|Any CPU
		{1103316B-330F-4E01-977F-D6B89EFD4C43}.Ad-Hoc|iPhone.ActiveCfg = Release|Any CPU
		{1103316B-330F-4E01-977F-D6B89EFD4C43}.Ad-Hoc|iPhone.Build.0 = Release|Any CPU
		{1103316B-330F-4E01-977F-D6B89EFD4C43}.Ad-Hoc|iPhone.Deploy.0 = Release|Any CPU
		{1103316B-330F-4E01-977F-D6B89EFD4C43}.Ad-Hoc|iPhoneSimulator.ActiveCfg = Release|Any CPU
		{1103316B-330F-4E01-977F-D6B89EFD4C43}.Ad-Hoc|iPhoneSimulator.Build.0 = Release|Any CPU
		{1103316B-330F-4E01-977F-D6B89EFD4C43}.Ad-Hoc|iPhoneSimulator.Deploy.0 = Release|Any CPU
		{1103316B-330F-4E01-977F-D6B89EFD4C43}.Ad-Hoc|x64.ActiveCfg = Release|Any CPU
		{1103316B-330F-4E01-977F-D6B89EFD4C43}.Ad-Hoc|x64.Build.0 = Release|Any CPU
		{1103316B-330F-4E01-977F-D6B89EFD4C43}.Ad-Hoc|x64.Deploy.0 = Release|Any CPU
		{1103316B-330F-4E01-977F-D6B89EFD4C43}.Ad-Hoc|x86.ActiveCfg = Release|Any CPU
		{1103316B-330F-4E01-977F-D6B89EFD4C43}.Ad-Hoc|x86.Build.0 = Release|Any CPU
		{1103316B-330F-4E01-977F-D6B89EFD4C43}.Ad-Hoc|x86.Deploy.0 = Release|Any CPU
		{1103316B-330F-4E01-977F-D6B89EFD4C43}.AppStore|Any CPU.ActiveCfg = Release|Any CPU
		{1103316B-330F-4E01-977F-D6B89EFD4C43}.AppStore|Any CPU.Build.0 = Release|Any CPU
		{1103316B-330F-4E01-977F-D6B89EFD4C43}.AppStore|Any CPU.Deploy.0 = Release|Any CPU
		{1103316B-330F-4E01-977F-D6B89EFD4C43}.AppStore|ARM.ActiveCfg = Release|Any CPU
		{1103316B-330F-4E01-977F-D6B89EFD4C43}.AppStore|ARM.Build.0 = Release|Any CPU
		{1103316B-330F-4E01-977F-D6B89EFD4C43}.AppStore|ARM.Deploy.0 = Release|Any CPU
		{1103316B-330F-4E01-977F-D6B89EFD4C43}.AppStore|iPhone.ActiveCfg = Release|Any CPU
		{1103316B-330F-4E01-977F-D6B89EFD4C43}.AppStore|iPhone.Build.0 = Release|Any CPU
		{1103316B-330F-4E01-977F-D6B89EFD4C43}.AppStore|iPhone.Deploy.0 = Release|Any CPU
		{1103316B-330F-4E01-977F-D6B89EFD4C43}.AppStore|iPhoneSimulator.ActiveCfg = Release|Any CPU
		{1103316B-330F-4E01-977F-D6B89EFD4C43}.AppStore|iPhoneSimulator.Build.0 = Release|Any CPU
		{1103316B-330F-4E01-977F-D6B89EFD4C43}.AppStore|iPhoneSimulator.Deploy.0 = Release|Any CPU
		{1103316B-330F-4E01-977F-D6B89EFD4C43}.AppStore|x64.ActiveCfg = Release|Any CPU
		{1103316B-330F-4E01-977F-D6B89EFD4C43}.AppStore|x64.Build.0 = Release|Any CPU
		{1103316B-330F-4E01-977F-D6B89EFD4C43}.AppStore|x64.Deploy.0 = Release|Any CPU
		{1103316B-330F-4E01-977F-D6B89EFD4C43}.AppStore|x86.ActiveCfg = Release|Any CPU
		{1103316B-330F-4E01-977F-D6B89EFD4C43}.AppStore|x86.Build.0 = Release|Any CPU
		{1103316B-330F-4E01-977F-D6B89EFD4C43}.AppStore|x86.Deploy.0 = Release|Any CPU
		{1103316B-330F-4E01-977F-D6B89EFD4C43}.Debug|Any CPU.ActiveCfg = Debug|Any CPU
		{1103316B-330F-4E01-977F-D6B89EFD4C43}.Debug|Any CPU.Build.0 = Debug|Any CPU
		{1103316B-330F-4E01-977F-D6B89EFD4C43}.Debug|Any CPU.Deploy.0 = Debug|Any CPU
		{1103316B-330F-4E01-977F-D6B89EFD4C43}.Debug|ARM.ActiveCfg = Debug|Any CPU
		{1103316B-330F-4E01-977F-D6B89EFD4C43}.Debug|ARM.Build.0 = Debug|Any CPU
		{1103316B-330F-4E01-977F-D6B89EFD4C43}.Debug|ARM.Deploy.0 = Debug|Any CPU
		{1103316B-330F-4E01-977F-D6B89EFD4C43}.Debug|iPhone.ActiveCfg = Debug|Any CPU
		{1103316B-330F-4E01-977F-D6B89EFD4C43}.Debug|iPhone.Build.0 = Debug|Any CPU
		{1103316B-330F-4E01-977F-D6B89EFD4C43}.Debug|iPhone.Deploy.0 = Debug|Any CPU
		{1103316B-330F-4E01-977F-D6B89EFD4C43}.Debug|iPhoneSimulator.ActiveCfg = Debug|Any CPU
		{1103316B-330F-4E01-977F-D6B89EFD4C43}.Debug|iPhoneSimulator.Build.0 = Debug|Any CPU
		{1103316B-330F-4E01-977F-D6B89EFD4C43}.Debug|iPhoneSimulator.Deploy.0 = Debug|Any CPU
		{1103316B-330F-4E01-977F-D6B89EFD4C43}.Debug|x64.ActiveCfg = Debug|Any CPU
		{1103316B-330F-4E01-977F-D6B89EFD4C43}.Debug|x64.Build.0 = Debug|Any CPU
		{1103316B-330F-4E01-977F-D6B89EFD4C43}.Debug|x64.Deploy.0 = Debug|Any CPU
		{1103316B-330F-4E01-977F-D6B89EFD4C43}.Debug|x86.ActiveCfg = Debug|Any CPU
		{1103316B-330F-4E01-977F-D6B89EFD4C43}.Debug|x86.Build.0 = Debug|Any CPU
		{1103316B-330F-4E01-977F-D6B89EFD4C43}.Debug|x86.Deploy.0 = Debug|Any CPU
		{1103316B-330F-4E01-977F-D6B89EFD4C43}.Release|Any CPU.ActiveCfg = Release|Any CPU
		{1103316B-330F-4E01-977F-D6B89EFD4C43}.Release|Any CPU.Build.0 = Release|Any CPU
		{1103316B-330F-4E01-977F-D6B89EFD4C43}.Release|Any CPU.Deploy.0 = Release|Any CPU
		{1103316B-330F-4E01-977F-D6B89EFD4C43}.Release|ARM.ActiveCfg = Release|Any CPU
		{1103316B-330F-4E01-977F-D6B89EFD4C43}.Release|ARM.Build.0 = Release|Any CPU
		{1103316B-330F-4E01-977F-D6B89EFD4C43}.Release|ARM.Deploy.0 = Release|Any CPU
		{1103316B-330F-4E01-977F-D6B89EFD4C43}.Release|iPhone.ActiveCfg = Release|Any CPU
		{1103316B-330F-4E01-977F-D6B89EFD4C43}.Release|iPhone.Build.0 = Release|Any CPU
		{1103316B-330F-4E01-977F-D6B89EFD4C43}.Release|iPhone.Deploy.0 = Release|Any CPU
		{1103316B-330F-4E01-977F-D6B89EFD4C43}.Release|iPhoneSimulator.ActiveCfg = Release|Any CPU
		{1103316B-330F-4E01-977F-D6B89EFD4C43}.Release|iPhoneSimulator.Build.0 = Release|Any CPU
		{1103316B-330F-4E01-977F-D6B89EFD4C43}.Release|iPhoneSimulator.Deploy.0 = Release|Any CPU
		{1103316B-330F-4E01-977F-D6B89EFD4C43}.Release|x64.ActiveCfg = Release|Any CPU
		{1103316B-330F-4E01-977F-D6B89EFD4C43}.Release|x64.Build.0 = Release|Any CPU
		{1103316B-330F-4E01-977F-D6B89EFD4C43}.Release|x64.Deploy.0 = Release|Any CPU
		{1103316B-330F-4E01-977F-D6B89EFD4C43}.Release|x86.ActiveCfg = Release|Any CPU
		{1103316B-330F-4E01-977F-D6B89EFD4C43}.Release|x86.Build.0 = Release|Any CPU
		{1103316B-330F-4E01-977F-D6B89EFD4C43}.Release|x86.Deploy.0 = Release|Any CPU
		{6199917B-55ED-479D-9308-09029396DF51}.Ad-Hoc|Any CPU.ActiveCfg = Ad-Hoc|iPhone
		{6199917B-55ED-479D-9308-09029396DF51}.Ad-Hoc|ARM.ActiveCfg = Ad-Hoc|iPhone
		{6199917B-55ED-479D-9308-09029396DF51}.Ad-Hoc|iPhone.ActiveCfg = Ad-Hoc|iPhone
		{6199917B-55ED-479D-9308-09029396DF51}.Ad-Hoc|iPhone.Build.0 = Ad-Hoc|iPhone
		{6199917B-55ED-479D-9308-09029396DF51}.Ad-Hoc|iPhoneSimulator.ActiveCfg = Ad-Hoc|iPhoneSimulator
		{6199917B-55ED-479D-9308-09029396DF51}.Ad-Hoc|iPhoneSimulator.Build.0 = Ad-Hoc|iPhoneSimulator
		{6199917B-55ED-479D-9308-09029396DF51}.Ad-Hoc|x64.ActiveCfg = Ad-Hoc|iPhone
		{6199917B-55ED-479D-9308-09029396DF51}.Ad-Hoc|x86.ActiveCfg = Ad-Hoc|iPhone
		{6199917B-55ED-479D-9308-09029396DF51}.AppStore|Any CPU.ActiveCfg = AppStore|iPhone
		{6199917B-55ED-479D-9308-09029396DF51}.AppStore|ARM.ActiveCfg = AppStore|iPhone
		{6199917B-55ED-479D-9308-09029396DF51}.AppStore|iPhone.ActiveCfg = AppStore|iPhone
		{6199917B-55ED-479D-9308-09029396DF51}.AppStore|iPhone.Build.0 = AppStore|iPhone
		{6199917B-55ED-479D-9308-09029396DF51}.AppStore|iPhoneSimulator.ActiveCfg = AppStore|iPhoneSimulator
		{6199917B-55ED-479D-9308-09029396DF51}.AppStore|iPhoneSimulator.Build.0 = AppStore|iPhoneSimulator
		{6199917B-55ED-479D-9308-09029396DF51}.AppStore|x64.ActiveCfg = AppStore|iPhone
		{6199917B-55ED-479D-9308-09029396DF51}.AppStore|x86.ActiveCfg = AppStore|iPhone
		{6199917B-55ED-479D-9308-09029396DF51}.Debug|Any CPU.ActiveCfg = Debug|iPhone
		{6199917B-55ED-479D-9308-09029396DF51}.Debug|ARM.ActiveCfg = Debug|iPhone
		{6199917B-55ED-479D-9308-09029396DF51}.Debug|iPhone.ActiveCfg = Debug|iPhone
		{6199917B-55ED-479D-9308-09029396DF51}.Debug|iPhone.Build.0 = Debug|iPhone
		{6199917B-55ED-479D-9308-09029396DF51}.Debug|iPhoneSimulator.ActiveCfg = Debug|iPhoneSimulator
		{6199917B-55ED-479D-9308-09029396DF51}.Debug|iPhoneSimulator.Build.0 = Debug|iPhoneSimulator
		{6199917B-55ED-479D-9308-09029396DF51}.Debug|x64.ActiveCfg = Debug|iPhone
		{6199917B-55ED-479D-9308-09029396DF51}.Debug|x86.ActiveCfg = Debug|iPhone
		{6199917B-55ED-479D-9308-09029396DF51}.Release|Any CPU.ActiveCfg = Release|iPhone
		{6199917B-55ED-479D-9308-09029396DF51}.Release|ARM.ActiveCfg = Release|iPhone
		{6199917B-55ED-479D-9308-09029396DF51}.Release|iPhone.ActiveCfg = Release|iPhone
		{6199917B-55ED-479D-9308-09029396DF51}.Release|iPhone.Build.0 = Release|iPhone
		{6199917B-55ED-479D-9308-09029396DF51}.Release|iPhoneSimulator.ActiveCfg = Release|iPhoneSimulator
		{6199917B-55ED-479D-9308-09029396DF51}.Release|iPhoneSimulator.Build.0 = Release|iPhoneSimulator
		{6199917B-55ED-479D-9308-09029396DF51}.Release|x64.ActiveCfg = Release|iPhone
		{6199917B-55ED-479D-9308-09029396DF51}.Release|x86.ActiveCfg = Release|iPhone
		{676AC5B6-00D7-4257-BE07-FBD1F3293242}.Ad-Hoc|Any CPU.ActiveCfg = Release|Any CPU
		{676AC5B6-00D7-4257-BE07-FBD1F3293242}.Ad-Hoc|Any CPU.Build.0 = Release|Any CPU
		{676AC5B6-00D7-4257-BE07-FBD1F3293242}.Ad-Hoc|ARM.ActiveCfg = Release|Any CPU
		{676AC5B6-00D7-4257-BE07-FBD1F3293242}.Ad-Hoc|ARM.Build.0 = Release|Any CPU
		{676AC5B6-00D7-4257-BE07-FBD1F3293242}.Ad-Hoc|iPhone.ActiveCfg = Release|Any CPU
		{676AC5B6-00D7-4257-BE07-FBD1F3293242}.Ad-Hoc|iPhone.Build.0 = Release|Any CPU
		{676AC5B6-00D7-4257-BE07-FBD1F3293242}.Ad-Hoc|iPhoneSimulator.ActiveCfg = Release|Any CPU
		{676AC5B6-00D7-4257-BE07-FBD1F3293242}.Ad-Hoc|iPhoneSimulator.Build.0 = Release|Any CPU
		{676AC5B6-00D7-4257-BE07-FBD1F3293242}.Ad-Hoc|x64.ActiveCfg = Release|Any CPU
		{676AC5B6-00D7-4257-BE07-FBD1F3293242}.Ad-Hoc|x64.Build.0 = Release|Any CPU
		{676AC5B6-00D7-4257-BE07-FBD1F3293242}.Ad-Hoc|x86.ActiveCfg = Release|Any CPU
		{676AC5B6-00D7-4257-BE07-FBD1F3293242}.Ad-Hoc|x86.Build.0 = Release|Any CPU
		{676AC5B6-00D7-4257-BE07-FBD1F3293242}.AppStore|Any CPU.ActiveCfg = Release|Any CPU
		{676AC5B6-00D7-4257-BE07-FBD1F3293242}.AppStore|Any CPU.Build.0 = Release|Any CPU
		{676AC5B6-00D7-4257-BE07-FBD1F3293242}.AppStore|ARM.ActiveCfg = Release|Any CPU
		{676AC5B6-00D7-4257-BE07-FBD1F3293242}.AppStore|ARM.Build.0 = Release|Any CPU
		{676AC5B6-00D7-4257-BE07-FBD1F3293242}.AppStore|iPhone.ActiveCfg = Release|Any CPU
		{676AC5B6-00D7-4257-BE07-FBD1F3293242}.AppStore|iPhone.Build.0 = Release|Any CPU
		{676AC5B6-00D7-4257-BE07-FBD1F3293242}.AppStore|iPhoneSimulator.ActiveCfg = Release|Any CPU
		{676AC5B6-00D7-4257-BE07-FBD1F3293242}.AppStore|iPhoneSimulator.Build.0 = Release|Any CPU
		{676AC5B6-00D7-4257-BE07-FBD1F3293242}.AppStore|x64.ActiveCfg = Release|Any CPU
		{676AC5B6-00D7-4257-BE07-FBD1F3293242}.AppStore|x64.Build.0 = Release|Any CPU
		{676AC5B6-00D7-4257-BE07-FBD1F3293242}.AppStore|x86.ActiveCfg = Release|Any CPU
		{676AC5B6-00D7-4257-BE07-FBD1F3293242}.AppStore|x86.Build.0 = Release|Any CPU
		{676AC5B6-00D7-4257-BE07-FBD1F3293242}.Debug|Any CPU.ActiveCfg = Debug|Any CPU
		{676AC5B6-00D7-4257-BE07-FBD1F3293242}.Debug|Any CPU.Build.0 = Debug|Any CPU
		{676AC5B6-00D7-4257-BE07-FBD1F3293242}.Debug|ARM.ActiveCfg = Debug|Any CPU
		{676AC5B6-00D7-4257-BE07-FBD1F3293242}.Debug|ARM.Build.0 = Debug|Any CPU
		{676AC5B6-00D7-4257-BE07-FBD1F3293242}.Debug|iPhone.ActiveCfg = Debug|Any CPU
		{676AC5B6-00D7-4257-BE07-FBD1F3293242}.Debug|iPhone.Build.0 = Debug|Any CPU
		{676AC5B6-00D7-4257-BE07-FBD1F3293242}.Debug|iPhoneSimulator.ActiveCfg = Debug|Any CPU
		{676AC5B6-00D7-4257-BE07-FBD1F3293242}.Debug|iPhoneSimulator.Build.0 = Debug|Any CPU
		{676AC5B6-00D7-4257-BE07-FBD1F3293242}.Debug|x64.ActiveCfg = Debug|Any CPU
		{676AC5B6-00D7-4257-BE07-FBD1F3293242}.Debug|x64.Build.0 = Debug|Any CPU
		{676AC5B6-00D7-4257-BE07-FBD1F3293242}.Debug|x86.ActiveCfg = Debug|Any CPU
		{676AC5B6-00D7-4257-BE07-FBD1F3293242}.Debug|x86.Build.0 = Debug|Any CPU
		{676AC5B6-00D7-4257-BE07-FBD1F3293242}.Release|Any CPU.ActiveCfg = Release|Any CPU
		{676AC5B6-00D7-4257-BE07-FBD1F3293242}.Release|Any CPU.Build.0 = Release|Any CPU
		{676AC5B6-00D7-4257-BE07-FBD1F3293242}.Release|ARM.ActiveCfg = Release|Any CPU
		{676AC5B6-00D7-4257-BE07-FBD1F3293242}.Release|ARM.Build.0 = Release|Any CPU
		{676AC5B6-00D7-4257-BE07-FBD1F3293242}.Release|iPhone.ActiveCfg = Release|Any CPU
		{676AC5B6-00D7-4257-BE07-FBD1F3293242}.Release|iPhone.Build.0 = Release|Any CPU
		{676AC5B6-00D7-4257-BE07-FBD1F3293242}.Release|iPhoneSimulator.ActiveCfg = Release|Any CPU
		{676AC5B6-00D7-4257-BE07-FBD1F3293242}.Release|iPhoneSimulator.Build.0 = Release|Any CPU
		{676AC5B6-00D7-4257-BE07-FBD1F3293242}.Release|x64.ActiveCfg = Release|Any CPU
		{676AC5B6-00D7-4257-BE07-FBD1F3293242}.Release|x64.Build.0 = Release|Any CPU
		{676AC5B6-00D7-4257-BE07-FBD1F3293242}.Release|x86.ActiveCfg = Release|Any CPU
		{676AC5B6-00D7-4257-BE07-FBD1F3293242}.Release|x86.Build.0 = Release|Any CPU
		{15DFA627-9DE2-49C0-A1C1-E72DFA84F684}.Ad-Hoc|Any CPU.ActiveCfg = Release|Any CPU
		{15DFA627-9DE2-49C0-A1C1-E72DFA84F684}.Ad-Hoc|Any CPU.Build.0 = Release|Any CPU
		{15DFA627-9DE2-49C0-A1C1-E72DFA84F684}.Ad-Hoc|ARM.ActiveCfg = Release|Any CPU
		{15DFA627-9DE2-49C0-A1C1-E72DFA84F684}.Ad-Hoc|ARM.Build.0 = Release|Any CPU
		{15DFA627-9DE2-49C0-A1C1-E72DFA84F684}.Ad-Hoc|iPhone.ActiveCfg = Release|Any CPU
		{15DFA627-9DE2-49C0-A1C1-E72DFA84F684}.Ad-Hoc|iPhone.Build.0 = Release|Any CPU
		{15DFA627-9DE2-49C0-A1C1-E72DFA84F684}.Ad-Hoc|iPhoneSimulator.ActiveCfg = Release|Any CPU
		{15DFA627-9DE2-49C0-A1C1-E72DFA84F684}.Ad-Hoc|iPhoneSimulator.Build.0 = Release|Any CPU
		{15DFA627-9DE2-49C0-A1C1-E72DFA84F684}.Ad-Hoc|x64.ActiveCfg = Release|Any CPU
		{15DFA627-9DE2-49C0-A1C1-E72DFA84F684}.Ad-Hoc|x64.Build.0 = Release|Any CPU
		{15DFA627-9DE2-49C0-A1C1-E72DFA84F684}.Ad-Hoc|x86.ActiveCfg = Release|Any CPU
		{15DFA627-9DE2-49C0-A1C1-E72DFA84F684}.Ad-Hoc|x86.Build.0 = Release|Any CPU
		{15DFA627-9DE2-49C0-A1C1-E72DFA84F684}.AppStore|Any CPU.ActiveCfg = Release|Any CPU
		{15DFA627-9DE2-49C0-A1C1-E72DFA84F684}.AppStore|Any CPU.Build.0 = Release|Any CPU
		{15DFA627-9DE2-49C0-A1C1-E72DFA84F684}.AppStore|ARM.ActiveCfg = Release|Any CPU
		{15DFA627-9DE2-49C0-A1C1-E72DFA84F684}.AppStore|ARM.Build.0 = Release|Any CPU
		{15DFA627-9DE2-49C0-A1C1-E72DFA84F684}.AppStore|iPhone.ActiveCfg = Release|Any CPU
		{15DFA627-9DE2-49C0-A1C1-E72DFA84F684}.AppStore|iPhone.Build.0 = Release|Any CPU
		{15DFA627-9DE2-49C0-A1C1-E72DFA84F684}.AppStore|iPhoneSimulator.ActiveCfg = Release|Any CPU
		{15DFA627-9DE2-49C0-A1C1-E72DFA84F684}.AppStore|iPhoneSimulator.Build.0 = Release|Any CPU
		{15DFA627-9DE2-49C0-A1C1-E72DFA84F684}.AppStore|x64.ActiveCfg = Release|Any CPU
		{15DFA627-9DE2-49C0-A1C1-E72DFA84F684}.AppStore|x64.Build.0 = Release|Any CPU
		{15DFA627-9DE2-49C0-A1C1-E72DFA84F684}.AppStore|x86.ActiveCfg = Release|Any CPU
		{15DFA627-9DE2-49C0-A1C1-E72DFA84F684}.AppStore|x86.Build.0 = Release|Any CPU
		{15DFA627-9DE2-49C0-A1C1-E72DFA84F684}.Debug|Any CPU.ActiveCfg = Debug|Any CPU
		{15DFA627-9DE2-49C0-A1C1-E72DFA84F684}.Debug|Any CPU.Build.0 = Debug|Any CPU
		{15DFA627-9DE2-49C0-A1C1-E72DFA84F684}.Debug|ARM.ActiveCfg = Debug|Any CPU
		{15DFA627-9DE2-49C0-A1C1-E72DFA84F684}.Debug|ARM.Build.0 = Debug|Any CPU
		{15DFA627-9DE2-49C0-A1C1-E72DFA84F684}.Debug|iPhone.ActiveCfg = Debug|Any CPU
		{15DFA627-9DE2-49C0-A1C1-E72DFA84F684}.Debug|iPhone.Build.0 = Debug|Any CPU
		{15DFA627-9DE2-49C0-A1C1-E72DFA84F684}.Debug|iPhoneSimulator.ActiveCfg = Debug|Any CPU
		{15DFA627-9DE2-49C0-A1C1-E72DFA84F684}.Debug|iPhoneSimulator.Build.0 = Debug|Any CPU
		{15DFA627-9DE2-49C0-A1C1-E72DFA84F684}.Debug|x64.ActiveCfg = Debug|Any CPU
		{15DFA627-9DE2-49C0-A1C1-E72DFA84F684}.Debug|x64.Build.0 = Debug|Any CPU
		{15DFA627-9DE2-49C0-A1C1-E72DFA84F684}.Debug|x86.ActiveCfg = Debug|Any CPU
		{15DFA627-9DE2-49C0-A1C1-E72DFA84F684}.Debug|x86.Build.0 = Debug|Any CPU
		{15DFA627-9DE2-49C0-A1C1-E72DFA84F684}.Release|Any CPU.ActiveCfg = Release|Any CPU
		{15DFA627-9DE2-49C0-A1C1-E72DFA84F684}.Release|Any CPU.Build.0 = Release|Any CPU
		{15DFA627-9DE2-49C0-A1C1-E72DFA84F684}.Release|ARM.ActiveCfg = Release|Any CPU
		{15DFA627-9DE2-49C0-A1C1-E72DFA84F684}.Release|ARM.Build.0 = Release|Any CPU
		{15DFA627-9DE2-49C0-A1C1-E72DFA84F684}.Release|iPhone.ActiveCfg = Release|Any CPU
		{15DFA627-9DE2-49C0-A1C1-E72DFA84F684}.Release|iPhone.Build.0 = Release|Any CPU
		{15DFA627-9DE2-49C0-A1C1-E72DFA84F684}.Release|iPhoneSimulator.ActiveCfg = Release|Any CPU
		{15DFA627-9DE2-49C0-A1C1-E72DFA84F684}.Release|iPhoneSimulator.Build.0 = Release|Any CPU
		{15DFA627-9DE2-49C0-A1C1-E72DFA84F684}.Release|x64.ActiveCfg = Release|Any CPU
		{15DFA627-9DE2-49C0-A1C1-E72DFA84F684}.Release|x64.Build.0 = Release|Any CPU
		{15DFA627-9DE2-49C0-A1C1-E72DFA84F684}.Release|x86.ActiveCfg = Release|Any CPU
		{15DFA627-9DE2-49C0-A1C1-E72DFA84F684}.Release|x86.Build.0 = Release|Any CPU
	EndGlobalSection
	GlobalSection(SolutionProperties) = preSolution
		HideSolutionNode = FALSE
	EndGlobalSection
EndGlobal
